
Microsoft Visual Studio Solution File, Format Version 12.00
# Visual Studio Express 15 for Windows Desktop
VisualStudioVersion = 15.0.33026.149
MinimumVisualStudioVersion = 10.0.40219.1
Project("{FAE04EC0-301F-11D3-BF4B-00C04F79EFBC}") = "FamilyMaker", "FamilyMaker\FamilyMaker.csproj", "{A81F199E-7919-4AFB-9A88-C15D268F4213}"
EndProject
Global
	GlobalSection(SolutionConfigurationPlatforms) = preSolution
		Debug|Any CPU = Debug|Any CPU
		Release|Any CPU = Release|Any CPU
	EndGlobalSection
	GlobalSection(ProjectConfigurationPlatforms) = postSolution
		{A81F199E-7919-4AFB-9A88-C15D268F4213}.Debug|Any CPU.ActiveCfg = Debug|Any CPU
		{A81F199E-7919-4AFB-9A88-C15D268F4213}.Debug|Any CPU.Build.0 = Debug|Any CPU
		{A81F199E-7919-4AFB-9A88-C15D268F4213}.Release|Any CPU.ActiveCfg = Release|Any CPU
		{A81F199E-7919-4AFB-9A88-C15D268F4213}.Release|Any CPU.Build.0 = Release|Any CPU
	EndGlobalSection
	GlobalSection(SolutionProperties) = preSolution
		HideSolutionNode = FALSE
	EndGlobalSection
	GlobalSection(ExtensibilityGlobals) = postSolution
		SolutionGuid = {B930E253-B49B-4739-9534-78A76A86989D}
	EndGlobalSection
EndGlobal
